
Microsoft Visual Studio Solution File, Format Version 12.00
# Visual Studio 15
VisualStudioVersion = 15.0.28010.2036
MinimumVisualStudioVersion = 10.0.40219.1
Project("{FAE04EC0-301F-11D3-BF4B-00C04F79EFBC}") = "IPIVision", "IPIVision\IPIVision.csproj", "{1E4356CE-5AE9-476E-8537-9B195D2EB03C}"
EndProject
Project("{FAE04EC0-301F-11D3-BF4B-00C04F79EFBC}") = "AvlHelper", "Calibrition\AvlHelper.csproj", "{37896264-C3D1-4F46-8FC4-7D2ED6439F80}"
EndProject
Project("{FAE04EC0-301F-11D3-BF4B-00C04F79EFBC}") = "Gocator", "GocatorContext\Gocator.csproj", "{002966B6-B53F-4722-BBB8-B44A15B0F3D5}"
EndProject
Global
	GlobalSection(SolutionConfigurationPlatforms) = preSolution
		Debug|Any CPU = Debug|Any CPU
		Release|Any CPU = Release|Any CPU
	EndGlobalSection
	GlobalSection(ProjectConfigurationPlatforms) = postSolution
		{1E4356CE-5AE9-476E-8537-9B195D2EB03C}.Debug|Any CPU.ActiveCfg = Debug|Any CPU
		{1E4356CE-5AE9-476E-8537-9B195D2EB03C}.Debug|Any CPU.Build.0 = Debug|Any CPU
		{1E4356CE-5AE9-476E-8537-9B195D2EB03C}.Release|Any CPU.ActiveCfg = Release|Any CPU
		{1E4356CE-5AE9-476E-8537-9B195D2EB03C}.Release|Any CPU.Build.0 = Release|Any CPU
		{37896264-C3D1-4F46-8FC4-7D2ED6439F80}.Debug|Any CPU.ActiveCfg = Debug|Any CPU
		{37896264-C3D1-4F46-8FC4-7D2ED6439F80}.Debug|Any CPU.Build.0 = Debug|Any CPU
		{37896264-C3D1-4F46-8FC4-7D2ED6439F80}.Release|Any CPU.ActiveCfg = Release|Any CPU
		{37896264-C3D1-4F46-8FC4-7D2ED6439F80}.Release|Any CPU.Build.0 = Release|Any CPU
		{002966B6-B53F-4722-BBB8-B44A15B0F3D5}.Debug|Any CPU.ActiveCfg = Debug|Any CPU
		{002966B6-B53F-4722-BBB8-B44A15B0F3D5}.Debug|Any CPU.Build.0 = Debug|Any CPU
		{002966B6-B53F-4722-BBB8-B44A15B0F3D5}.Release|Any CPU.ActiveCfg = Release|Any CPU
		{002966B6-B53F-4722-BBB8-B44A15B0F3D5}.Release|Any CPU.Build.0 = Release|Any CPU
	EndGlobalSection
	GlobalSection(SolutionProperties) = preSolution
		HideSolutionNode = FALSE
	EndGlobalSection
	GlobalSection(ExtensibilityGlobals) = postSolution
		SolutionGuid = {0A3CD306-BC25-4A63-B39E-437E07E597B4}
	EndGlobalSection
EndGlobal
